// !$*UTF8*$!
{
	archiveVersion = 1;
	classes = {
	};
	objectVersion = 46;
	objects = {

/* Begin PBXBuildFile section */
		2007F3F91CBF809100A54616 /* JSONKit.m in Sources */ = {isa = PBXBuildFile; fileRef = 2007F3F81CBF809100A54616 /* JSONKit.m */; settings = {COMPILER_FLAGS = "-fno-objc-arc"; }; };
		200CF4B31CC22C8E0081FC04 /* CustomURLConnection.m in Sources */ = {isa = PBXBuildFile; fileRef = 200CF4B21CC22C8E0081FC04 /* CustomURLConnection.m */; };
		203BAA0D1CBD325B00659316 /* STPopup.framework in Frameworks */ = {isa = PBXBuildFile; fileRef = 203BAA081CBD237E00659316 /* STPopup.framework */; };
		208911BC1CBBB9BB000B9306 /* main.m in Sources */ = {isa = PBXBuildFile; fileRef = 208911BB1CBBB9BB000B9306 /* main.m */; };
		208911BF1CBBB9BB000B9306 /* AppDelegate.m in Sources */ = {isa = PBXBuildFile; fileRef = 208911BE1CBBB9BB000B9306 /* AppDelegate.m */; };
		208911C21CBBB9BB000B9306 /* ViewController.m in Sources */ = {isa = PBXBuildFile; fileRef = 208911C11CBBB9BB000B9306 /* ViewController.m */; };
		208911C51CBBB9BB000B9306 /* Main.storyboard in Resources */ = {isa = PBXBuildFile; fileRef = 208911C31CBBB9BB000B9306 /* Main.storyboard */; };
		208911C71CBBB9BB000B9306 /* Assets.xcassets in Resources */ = {isa = PBXBuildFile; fileRef = 208911C61CBBB9BB000B9306 /* Assets.xcassets */; };
		208911CA1CBBB9BB000B9306 /* LaunchScreen.storyboard in Resources */ = {isa = PBXBuildFile; fileRef = 208911C81CBBB9BB000B9306 /* LaunchScreen.storyboard */; };
		208911D31CBBCDA1000B9306 /* tabledataVC.m in Sources */ = {isa = PBXBuildFile; fileRef = 208911D21CBBCDA1000B9306 /* tabledataVC.m */; };
		20EF98F41CC105BC00AF941C /* stateViewController.m in Sources */ = {isa = PBXBuildFile; fileRef = 20EF98F31CC105BC00AF941C /* stateViewController.m */; };
		20F55FB91CBE7FDF009D8A3F /* CoreGraphics.framework in Frameworks */ = {isa = PBXBuildFile; fileRef = 20F55FB81CBE7FDF009D8A3F /* CoreGraphics.framework */; };
		20F55FBD1CBE8EDC009D8A3F /* download.jpeg in Resources */ = {isa = PBXBuildFile; fileRef = 20F55FBC1CBE8EDC009D8A3F /* download.jpeg */; };
/* End PBXBuildFile section */

/* Begin PBXContainerItemProxy section */
		203BAA071CBD237E00659316 /* PBXContainerItemProxy */ = {
			isa = PBXContainerItemProxy;
			containerPortal = 203BAA031CBD237E00659316 /* STPopup.xcodeproj */;
			proxyType = 2;
			remoteGlobalIDString = 76D822381C1DB5E400FCF988;
			remoteInfo = STPopup;
		};
/* End PBXContainerItemProxy section */

/* Begin PBXFileReference section */
		2007F3F71CBF809100A54616 /* JSONKit.h */ = {isa = PBXFileReference; fileEncoding = 4; lastKnownFileType = sourcecode.c.h; path = JSONKit.h; sourceTree = "<group>"; };
		2007F3F81CBF809100A54616 /* JSONKit.m */ = {isa = PBXFileReference; fileEncoding = 4; lastKnownFileType = sourcecode.c.objc; path = JSONKit.m; sourceTree = "<group>"; };
		200CF4B11CC22C8E0081FC04 /* CustomURLConnection.h */ = {isa = PBXFileReference; fileEncoding = 4; lastKnownFileType = sourcecode.c.h; path = CustomURLConnection.h; sourceTree = "<group>"; };
		200CF4B21CC22C8E0081FC04 /* CustomURLConnection.m */ = {isa = PBXFileReference; fileEncoding = 4; lastKnownFileType = sourcecode.c.objc; path = CustomURLConnection.m; sourceTree = "<group>"; };
		203BAA031CBD237E00659316 /* STPopup.xcodeproj */ = {isa = PBXFileReference; lastKnownFileType = "wrapper.pb-project"; path = STPopup.xcodeproj; sourceTree = "<group>"; };
		208911B71CBBB9BA000B9306 /* contrystatecityVC.app */ = {isa = PBXFileReference; explicitFileType = wrapper.application; includeInIndex = 0; path = contrystatecityVC.app; sourceTree = BUILT_PRODUCTS_DIR; };
		208911BB1CBBB9BB000B9306 /* main.m */ = {isa = PBXFileReference; lastKnownFileType = sourcecode.c.objc; path = main.m; sourceTree = "<group>"; };
		208911BD1CBBB9BB000B9306 /* AppDelegate.h */ = {isa = PBXFileReference; lastKnownFileType = sourcecode.c.h; path = AppDelegate.h; sourceTree = "<group>"; };
		208911BE1CBBB9BB000B9306 /* AppDelegate.m */ = {isa = PBXFileReference; lastKnownFileType = sourcecode.c.objc; path = AppDelegate.m; sourceTree = "<group>"; };
		208911C01CBBB9BB000B9306 /* ViewController.h */ = {isa = PBXFileReference; lastKnownFileType = sourcecode.c.h; path = ViewController.h; sourceTree = "<group>"; };
		208911C11CBBB9BB000B9306 /* ViewController.m */ = {isa = PBXFileReference; lastKnownFileType = sourcecode.c.objc; path = ViewController.m; sourceTree = "<group>"; };
		208911C41CBBB9BB000B9306 /* Base */ = {isa = PBXFileReference; lastKnownFileType = file.storyboard; name = Base; path = Base.lproj/Main.storyboard; sourceTree = "<group>"; };
		208911C61CBBB9BB000B9306 /* Assets.xcassets */ = {isa = PBXFileReference; lastKnownFileType = folder.assetcatalog; path = Assets.xcassets; sourceTree = "<group>"; };
		208911C91CBBB9BB000B9306 /* Base */ = {isa = PBXFileReference; lastKnownFileType = file.storyboard; name = Base; path = Base.lproj/LaunchScreen.storyboard; sourceTree = "<group>"; };
		208911CB1CBBB9BB000B9306 /* Info.plist */ = {isa = PBXFileReference; lastKnownFileType = text.plist.xml; path = Info.plist; sourceTree = "<group>"; };
		208911D11CBBCDA1000B9306 /* tabledataVC.h */ = {isa = PBXFileReference; fileEncoding = 4; lastKnownFileType = sourcecode.c.h; path = tabledataVC.h; sourceTree = "<group>"; };
		208911D21CBBCDA1000B9306 /* tabledataVC.m */ = {isa = PBXFileReference; fileEncoding = 4; lastKnownFileType = sourcecode.c.objc; path = tabledataVC.m; sourceTree = "<group>"; };
		20EF98F21CC105BC00AF941C /* stateViewController.h */ = {isa = PBXFileReference; fileEncoding = 4; lastKnownFileType = sourcecode.c.h; path = stateViewController.h; sourceTree = "<group>"; };
		20EF98F31CC105BC00AF941C /* stateViewController.m */ = {isa = PBXFileReference; fileEncoding = 4; lastKnownFileType = sourcecode.c.objc; path = stateViewController.m; sourceTree = "<group>"; };
		20F55FB81CBE7FDF009D8A3F /* CoreGraphics.framework */ = {isa = PBXFileReference; lastKnownFileType = wrapper.framework; name = CoreGraphics.framework; path = System/Library/Frameworks/CoreGraphics.framework; sourceTree = SDKROOT; };
		20F55FBC1CBE8EDC009D8A3F /* download.jpeg */ = {isa = PBXFileReference; lastKnownFileType = image.jpeg; path = download.jpeg; sourceTree = "<group>"; };
/* End PBXFileReference section */

/* Begin PBXFrameworksBuildPhase section */
		208911B41CBBB9BA000B9306 /* Frameworks */ = {
			isa = PBXFrameworksBuildPhase;
			buildActionMask = 2147483647;
			files = (
				20F55FB91CBE7FDF009D8A3F /* CoreGraphics.framework in Frameworks */,
				203BAA0D1CBD325B00659316 /* STPopup.framework in Frameworks */,
			);
			runOnlyForDeploymentPostprocessing = 0;
		};
/* End PBXFrameworksBuildPhase section */

/* Begin PBXGroup section */
		203BAA041CBD237E00659316 /* Products */ = {
			isa = PBXGroup;
			children = (
				203BAA081CBD237E00659316 /* STPopup.framework */,
			);
			name = Products;
			sourceTree = "<group>";
		};
		208911AE1CBBB9B9000B9306 = {
			isa = PBXGroup;
			children = (
				20F55FB81CBE7FDF009D8A3F /* CoreGraphics.framework */,
				203BAA031CBD237E00659316 /* STPopup.xcodeproj */,
				208911B91CBBB9BB000B9306 /* contrystatecityVC */,
				208911B81CBBB9BA000B9306 /* Products */,
			);
			sourceTree = "<group>";
		};
		208911B81CBBB9BA000B9306 /* Products */ = {
			isa = PBXGroup;
			children = (
				208911B71CBBB9BA000B9306 /* contrystatecityVC.app */,
			);
			name = Products;
			sourceTree = "<group>";
		};
		208911B91CBBB9BB000B9306 /* contrystatecityVC */ = {
			isa = PBXGroup;
			children = (
				2007F3F71CBF809100A54616 /* JSONKit.h */,
				2007F3F81CBF809100A54616 /* JSONKit.m */,
				200CF4B11CC22C8E0081FC04 /* CustomURLConnection.h */,
				200CF4B21CC22C8E0081FC04 /* CustomURLConnection.m */,
				208911BD1CBBB9BB000B9306 /* AppDelegate.h */,
				208911BE1CBBB9BB000B9306 /* AppDelegate.m */,
				208911C01CBBB9BB000B9306 /* ViewController.h */,
				208911C11CBBB9BB000B9306 /* ViewController.m */,
				208911C31CBBB9BB000B9306 /* Main.storyboard */,
				208911D11CBBCDA1000B9306 /* tabledataVC.h */,
				208911D21CBBCDA1000B9306 /* tabledataVC.m */,
				20EF98F21CC105BC00AF941C /* stateViewController.h */,
				20EF98F31CC105BC00AF941C /* stateViewController.m */,
				208911C61CBBB9BB000B9306 /* Assets.xcassets */,
				208911C81CBBB9BB000B9306 /* LaunchScreen.storyboard */,
				208911CB1CBBB9BB000B9306 /* Info.plist */,
				208911BA1CBBB9BB000B9306 /* Supporting Files */,
			);
			path = contrystatecityVC;
			sourceTree = "<group>";
		};
		208911BA1CBBB9BB000B9306 /* Supporting Files */ = {
			isa = PBXGroup;
			children = (
				20F55FBC1CBE8EDC009D8A3F /* download.jpeg */,
				208911BB1CBBB9BB000B9306 /* main.m */,
			);
			name = "Supporting Files";
			sourceTree = "<group>";
		};
/* End PBXGroup section */

/* Begin PBXNativeTarget section */
		208911B61CBBB9BA000B9306 /* contrystatecityVC */ = {
			isa = PBXNativeTarget;
			buildConfigurationList = 208911CE1CBBB9BB000B9306 /* Build configuration list for PBXNativeTarget "contrystatecityVC" */;
			buildPhases = (
				208911B31CBBB9BA000B9306 /* Sources */,
				208911B41CBBB9BA000B9306 /* Frameworks */,
				208911B51CBBB9BA000B9306 /* Resources */,
			);
			buildRules = (
			);
			dependencies = (
			);
			name = contrystatecityVC;
			productName = contrystatecityVC;
			productReference = 208911B71CBBB9BA000B9306 /* contrystatecityVC.app */;
			productType = "com.apple.product-type.application";
		};
/* End PBXNativeTarget section */

/* Begin PBXProject section */
		208911AF1CBBB9B9000B9306 /* Project object */ = {
			isa = PBXProject;
			attributes = {
				LastUpgradeCheck = 0720;
				ORGANIZATIONNAME = Abbacus;
				TargetAttributes = {
					208911B61CBBB9BA000B9306 = {
						CreatedOnToolsVersion = 7.2.1;
					};
				};
			};
			buildConfigurationList = 208911B21CBBB9BA000B9306 /* Build configuration list for PBXProject "contrystatecityVC" */;
			compatibilityVersion = "Xcode 3.2";
			developmentRegion = English;
			hasScannedForEncodings = 0;
			knownRegions = (
				en,
				Base,
			);
			mainGroup = 208911AE1CBBB9B9000B9306;
			productRefGroup = 208911B81CBBB9BA000B9306 /* Products */;
			projectDirPath = "";
			projectReferences = (
				{
					ProductGroup = 203BAA041CBD237E00659316 /* Products */;
					ProjectRef = 203BAA031CBD237E00659316 /* STPopup.xcodeproj */;
				},
			);
			projectRoot = "";
			targets = (
				208911B61CBBB9BA000B9306 /* contrystatecityVC */,
			);
		};
/* End PBXProject section */

/* Begin PBXReferenceProxy section */
		203BAA081CBD237E00659316 /* STPopup.framework */ = {
			isa = PBXReferenceProxy;
			fileType = wrapper.framework;
			path = STPopup.framework;
			remoteRef = 203BAA071CBD237E00659316 /* PBXContainerItemProxy */;
			sourceTree = BUILT_PRODUCTS_DIR;
		};
/* End PBXReferenceProxy section */

/* Begin PBXResourcesBuildPhase section */
		208911B51CBBB9BA000B9306 /* Resources */ = {
			isa = PBXResourcesBuildPhase;
			buildActionMask = 2147483647;
			files = (
				208911CA1CBBB9BB000B9306 /* LaunchScreen.storyboard in Resources */,
				20F55FBD1CBE8EDC009D8A3F /* download.jpeg in Resources */,
				208911C71CBBB9BB000B9306 /* Assets.xcassets in Resources */,
				208911C51CBBB9BB000B9306 /* Main.storyboard in Resources */,
			);
			runOnlyForDeploymentPostprocessing = 0;
		};
/* End PBXResourcesBuildPhase section */

/* Begin PBXSourcesBuildPhase section */
		208911B31CBBB9BA000B9306 /* Sources */ = {
			isa = PBXSourcesBuildPhase;
			buildActionMask = 2147483647;
			files = (
				208911C21CBBB9BB000B9306 /* ViewController.m in Sources */,
				208911BF1CBBB9BB000B9306 /* AppDelegate.m in Sources */,
				20EF98F41CC105BC00AF941C /* stateViewController.m in Sources */,
				2007F3F91CBF809100A54616 /* JSONKit.m in Sources */,
				200CF4B31CC22C8E0081FC04 /* CustomURLConnection.m in Sources */,
				208911BC1CBBB9BB000B9306 /* main.m in Sources */,
				208911D31CBBCDA1000B9306 /* tabledataVC.m in Sources */,
			);
			runOnlyForDeploymentPostprocessing = 0;
		};
/* End PBXSourcesBuildPhase section */

/* Begin PBXVariantGroup section */
		208911C31CBBB9BB000B9306 /* Main.storyboard */ = {
			isa = PBXVariantGroup;
			children = (
				208911C41CBBB9BB000B9306 /* Base */,
			);
			name = Main.storyboard;
			sourceTree = "<group>";
		};
		208911C81CBBB9BB000B9306 /* LaunchScreen.storyboard */ = {
			isa = PBXVariantGroup;
			children = (
				208911C91CBBB9BB000B9306 /* Base */,
			);
			name = LaunchScreen.storyboard;
			sourceTree = "<group>";
		};
/* End PBXVariantGroup section */

/* Begin XCBuildConfiguration section */
		208911CC1CBBB9BB000B9306 /* Debug */ = {
			isa = XCBuildConfiguration;
			buildSettings = {
				ALWAYS_SEARCH_USER_PATHS = NO;
				CLANG_CXX_LANGUAGE_STANDARD = "gnu++0x";
				CLANG_CXX_LIBRARY = "libc++";
				CLANG_ENABLE_MODULES = YES;
				CLANG_ENABLE_OBJC_ARC = YES;
				CLANG_WARN_BOOL_CONVERSION = YES;
				CLANG_WARN_CONSTANT_CONVERSION = YES;
				CLANG_WARN_DIRECT_OBJC_ISA_USAGE = YES_ERROR;
				CLANG_WARN_EMPTY_BODY = YES;
				CLANG_WARN_ENUM_CONVERSION = YES;
				CLANG_WARN_INT_CONVERSION = YES;
				CLANG_WARN_OBJC_ROOT_CLASS = YES_ERROR;
				CLANG_WARN_UNREACHABLE_CODE = YES;
				CLANG_WARN__DUPLICATE_METHOD_MATCH = YES;
				"CODE_SIGN_IDENTITY[sdk=iphoneos*]" = "iPhone Developer";
				COPY_PHASE_STRIP = NO;
				DEBUG_INFORMATION_FORMAT = dwarf;
				ENABLE_STRICT_OBJC_MSGSEND = YES;
				ENABLE_TESTABILITY = YES;
				GCC_C_LANGUAGE_STANDARD = gnu99;
				GCC_DYNAMIC_NO_PIC = NO;
				GCC_NO_COMMON_BLOCKS = YES;
				GCC_OPTIMIZATION_LEVEL = 0;
				GCC_PREPROCESSOR_DEFINITIONS = (
					"DEBUG=1",
					"$(inherited)",
				);
				GCC_WARN_64_TO_32_BIT_CONVERSION = YES;
				GCC_WARN_ABOUT_RETURN_TYPE = YES_ERROR;
				GCC_WARN_UNDECLARED_SELECTOR = YES;
				GCC_WARN_UNINITIALIZED_AUTOS = YES_AGGRESSIVE;
				GCC_WARN_UNUSED_FUNCTION = YES;
				GCC_WARN_UNUSED_VARIABLE = YES;
				IPHONEOS_DEPLOYMENT_TARGET = 9.2;
				MTL_ENABLE_DEBUG_INFO = YES;
				ONLY_ACTIVE_ARCH = YES;
				SDKROOT = iphoneos;
			};
			name = Debug;
		};
		208911CD1CBBB9BB000B9306 /* Release */ = {
			isa = XCBuildConfiguration;
			buildSettings = {
				ALWAYS_SEARCH_USER_PATHS = NO;
				CLANG_CXX_LANGUAGE_STANDARD = "gnu++0x";
				CLANG_CXX_LIBRARY = "libc++";
				CLANG_ENABLE_MODULES = YES;
				CLANG_ENABLE_OBJC_ARC = YES;
				CLANG_WARN_BOOL_CONVERSION = YES;
				CLANG_WARN_CONSTANT_CONVERSION = YES;
				CLANG_WARN_DIRECT_OBJC_ISA_USAGE = YES_ERROR;
				CLANG_WARN_EMPTY_BODY = YES;
				CLANG_WARN_ENUM_CONVERSION = YES;
				CLANG_WARN_INT_CONVERSION = YES;
				CLANG_WARN_OBJC_ROOT_CLASS = YES_ERROR;
				CLANG_WARN_UNREACHABLE_CODE = YES;
				CLANG_WARN__DUPLICATE_METHOD_MATCH = YES;
				"CODE_SIGN_IDENTITY[sdk=iphoneos*]" = "iPhone Developer";
				COPY_PHASE_STRIP = NO;
				DEBUG_INFORMATION_FORMAT = "dwarf-with-dsym";
				ENABLE_NS_ASSERTIONS = NO;
				ENABLE_STRICT_OBJC_MSGSEND = YES;
				GCC_C_LANGUAGE_STANDARD = gnu99;
				GCC_NO_COMMON_BLOCKS = YES;
				GCC_WARN_64_TO_32_BIT_CONVERSION = YES;
				GCC_WARN_ABOUT_RETURN_TYPE = YES_ERROR;
				GCC_WARN_UNDECLARED_SELECTOR = YES;
				GCC_WARN_UNINITIALIZED_AUTOS = YES_AGGRESSIVE;
				GCC_WARN_UNUSED_FUNCTION = YES;
				GCC_WARN_UNUSED_VARIABLE = YES;
				IPHONEOS_DEPLOYMENT_TARGET = 9.2;
				MTL_ENABLE_DEBUG_INFO = NO;
				SDKROOT = iphoneos;
				VALIDATE_PRODUCT = YES;
			};
			name = Release;
		};
		208911CF1CBBB9BB000B9306 /* Debug */ = {
			isa = XCBuildConfiguration;
			buildSettings = {
				ASSETCATALOG_COMPILER_APPICON_NAME = AppIcon;
				INFOPLIST_FILE = contrystatecityVC/Info.plist;
				LD_RUNPATH_SEARCH_PATHS = "$(inherited) @executable_path/Frameworks";
				PRODUCT_BUNDLE_IDENTIFIER = com.abbacus.contrystatecityVC;
				PRODUCT_NAME = "$(TARGET_NAME)";
			};
			name = Debug;
		};
		208911D01CBBB9BB000B9306 /* Release */ = {
			isa = XCBuildConfiguration;
			buildSettings = {
				ASSETCATALOG_COMPILER_APPICON_NAME = AppIcon;
				INFOPLIST_FILE = contrystatecityVC/Info.plist;
				LD_RUNPATH_SEARCH_PATHS = "$(inherited) @executable_path/Frameworks";
				PRODUCT_BUNDLE_IDENTIFIER = com.abbacus.contrystatecityVC;
				PRODUCT_NAME = "$(TARGET_NAME)";
			};
			name = Release;
		};
/* End XCBuildConfiguration section */

/* Begin XCConfigurationList section */
		208911B21CBBB9BA000B9306 /* Build configuration list for PBXProject "contrystatecityVC" */ = {
			isa = XCConfigurationList;
			buildConfigurations = (
				208911CC1CBBB9BB000B9306 /* Debug */,
				208911CD1CBBB9BB000B9306 /* Release */,
			);
			defaultConfigurationIsVisible = 0;
			defaultConfigurationName = Release;
		};
		208911CE1CBBB9BB000B9306 /* Build configuration list for PBXNativeTarget "contrystatecityVC" */ = {
			isa = XCConfigurationList;
			buildConfigurations = (
				208911CF1CBBB9BB000B9306 /* Debug */,
				208911D01CBBB9BB000B9306 /* Release */,
			);
			defaultConfigurationIsVisible = 0;
			defaultConfigurationName = Release;
		};
/* End XCConfigurationList section */
	};
	rootObject = 208911AF1CBBB9B9000B9306 /* Project object */;
}
